
Microsoft Visual Studio Solution File, Format Version 12.00
# Visual Studio Version 17
VisualStudioVersion = 17.9.34902.65
MinimumVisualStudioVersion = 10.0.40219.1
Project("{FAE04EC0-301F-11D3-BF4B-00C04F79EFBC}") = "OnlineShop", "OnlineShop.csproj", "{14A938D0-B729-43F4-A864-7BDC6BF63513}"
EndProject
Project("{9A19103F-16F7-4668-BE54-9A1E7A4F7556}") = "DBUtility_OnlineShop", "DBUtility_OnlineShop\DBUtility_OnlineShop.csproj", "{A6C17052-3984-4270-9674-29AE6F83E409}"
EndProject
Project("{9A19103F-16F7-4668-BE54-9A1E7A4F7556}") = "OnlineShop_CL", "OnlineShop_CL\OnlineShop_CL.csproj", "{2C1E5406-7A22-4126-A86A-C952E10AC5C1}"
EndProject
Project("{9A19103F-16F7-4668-BE54-9A1E7A4F7556}") = "OnlineShop_EFCore", "OnlineShop_EFCore\OnlineShop_EFCore.csproj", "{36468713-19A0-4536-8FFE-CBF1137907F3}"
EndProject
Global
	GlobalSection(SolutionConfigurationPlatforms) = preSolution
		Debug|Any CPU = Debug|Any CPU
		Release|Any CPU = Release|Any CPU
	EndGlobalSection
	GlobalSection(ProjectConfigurationPlatforms) = postSolution
		{14A938D0-B729-43F4-A864-7BDC6BF63513}.Debug|Any CPU.ActiveCfg = Debug|Any CPU
		{14A938D0-B729-43F4-A864-7BDC6BF63513}.Debug|Any CPU.Build.0 = Debug|Any CPU
		{14A938D0-B729-43F4-A864-7BDC6BF63513}.Release|Any CPU.ActiveCfg = Release|Any CPU
		{14A938D0-B729-43F4-A864-7BDC6BF63513}.Release|Any CPU.Build.0 = Release|Any CPU
		{A6C17052-3984-4270-9674-29AE6F83E409}.Debug|Any CPU.ActiveCfg = Debug|Any CPU
		{A6C17052-3984-4270-9674-29AE6F83E409}.Debug|Any CPU.Build.0 = Debug|Any CPU
		{A6C17052-3984-4270-9674-29AE6F83E409}.Release|Any CPU.ActiveCfg = Release|Any CPU
		{A6C17052-3984-4270-9674-29AE6F83E409}.Release|Any CPU.Build.0 = Release|Any CPU
		{2C1E5406-7A22-4126-A86A-C952E10AC5C1}.Debug|Any CPU.ActiveCfg = Debug|Any CPU
		{2C1E5406-7A22-4126-A86A-C952E10AC5C1}.Debug|Any CPU.Build.0 = Debug|Any CPU
		{2C1E5406-7A22-4126-A86A-C952E10AC5C1}.Release|Any CPU.ActiveCfg = Release|Any CPU
		{2C1E5406-7A22-4126-A86A-C952E10AC5C1}.Release|Any CPU.Build.0 = Release|Any CPU
		{36468713-19A0-4536-8FFE-CBF1137907F3}.Debug|Any CPU.ActiveCfg = Debug|Any CPU
		{36468713-19A0-4536-8FFE-CBF1137907F3}.Debug|Any CPU.Build.0 = Debug|Any CPU
		{36468713-19A0-4536-8FFE-CBF1137907F3}.Release|Any CPU.ActiveCfg = Release|Any CPU
		{36468713-19A0-4536-8FFE-CBF1137907F3}.Release|Any CPU.Build.0 = Release|Any CPU
	EndGlobalSection
	GlobalSection(SolutionProperties) = preSolution
		HideSolutionNode = FALSE
	EndGlobalSection
	GlobalSection(ExtensibilityGlobals) = postSolution
		SolutionGuid = {BC76A972-BB0F-4907-899F-2D5625311697}
	EndGlobalSection
EndGlobal
